
Microsoft Visual Studio Solution File, Format Version 12.00
# Visual Studio Version 17
VisualStudioVersion = 17.11.35222.181
MinimumVisualStudioVersion = 10.0.40219.1
Project("{8BC9CEB8-8B4A-11D0-8D11-00A0C91BC942}") = "Ferguson_Mod_3", "Ferguson_Mod_3.vcxproj", "{66806044-5FF2-4A48-AFEE-1ED3ECCC57A9}"
EndProject
Global
	GlobalSection(SolutionConfigurationPlatforms) = preSolution
		Debug|x64 = Debug|x64
		Debug|x86 = Debug|x86
		Release|x64 = Release|x64
		Release|x86 = Release|x86
	EndGlobalSection
	GlobalSection(ProjectConfigurationPlatforms) = postSolution
		{66806044-5FF2-4A48-AFEE-1ED3ECCC57A9}.Debug|x64.ActiveCfg = Debug|x64
		{66806044-5FF2-4A48-AFEE-1ED3ECCC57A9}.Debug|x64.Build.0 = Debug|x64
		{66806044-5FF2-4A48-AFEE-1ED3ECCC57A9}.Debug|x86.ActiveCfg = Debug|Win32
		{66806044-5FF2-4A48-AFEE-1ED3ECCC57A9}.Debug|x86.Build.0 = Debug|Win32
		{66806044-5FF2-4A48-AFEE-1ED3ECCC57A9}.Release|x64.ActiveCfg = Release|x64
		{66806044-5FF2-4A48-AFEE-1ED3ECCC57A9}.Release|x64.Build.0 = Release|x64
		{66806044-5FF2-4A48-AFEE-1ED3ECCC57A9}.Release|x86.ActiveCfg = Release|Win32
		{66806044-5FF2-4A48-AFEE-1ED3ECCC57A9}.Release|x86.Build.0 = Release|Win32
	EndGlobalSection
	GlobalSection(SolutionProperties) = preSolution
		HideSolutionNode = FALSE
	EndGlobalSection
	GlobalSection(ExtensibilityGlobals) = postSolution
		SolutionGuid = {5779B7BC-53CB-42C7-992C-E23C55248370}
	EndGlobalSection
EndGlobal
